
Microsoft Visual Studio Solution File, Format Version 11.00
# Visual Studio 2010
Project("{FAE04EC0-301F-11D3-BF4B-00C04F79EFBC}") = "SportsmansGuide", "SportsmansGuide\SportsmansGuide.csproj", "{A0EAE496-074B-4D63-BC35-43347A4D0D4B}"
EndProject
Global
	GlobalSection(SolutionConfigurationPlatforms) = preSolution
		Debug|Any CPU = Debug|Any CPU
		Release|Any CPU = Release|Any CPU
	EndGlobalSection
	GlobalSection(ProjectConfigurationPlatforms) = postSolution
		{A0EAE496-074B-4D63-BC35-43347A4D0D4B}.Debug|Any CPU.ActiveCfg = Debug|Any CPU
		{A0EAE496-074B-4D63-BC35-43347A4D0D4B}.Debug|Any CPU.Build.0 = Debug|Any CPU
		{A0EAE496-074B-4D63-BC35-43347A4D0D4B}.Release|Any CPU.ActiveCfg = Release|Any CPU
		{A0EAE496-074B-4D63-BC35-43347A4D0D4B}.Release|Any CPU.Build.0 = Release|Any CPU
	EndGlobalSection
	GlobalSection(SolutionProperties) = preSolution
		HideSolutionNode = FALSE
	EndGlobalSection
EndGlobal
